PackratFormat: 1.4
PackratVersion: 0.4.4
RVersion: 3.2.1
Repos: CRAN=https://cran.rstudio.com/

Package: Rcpp
Source: CRAN
Version: 0.12.1

Package: RcppArmadillo
Source: CRAN
Version: 0.5.600.2.0
Requires: Rcpp

Package: chron
Source: CRAN
Version: 2.3-47

Package: colorspace
Source: CRAN
Version: 1.2-6

Package: data.table
Source: CRAN
Version: 1.9.6
Requires: chron

Package: forecast
Source: CRAN
Version: 6.1
Requires: Rcpp, RcppArmadillo, colorspace, fracdiff, timeDate, tseries,
    zoo

Package: fracdiff
Source: CRAN
Version: 1.4-2

Package: packrat
Source: CRAN
Version: 0.4.4
Hash: aed7d17407538df551a57caf6289c8bf

Package: quadprog
Source: CRAN
Version: 1.5-5

Package: timeDate
Source: CRAN
Version: 3012.100

Package: tseries
Source: CRAN
Version: 0.10-34
Requires: quadprog, zoo

Package: zoo
Source: CRAN
Version: 1.7-12
